
Microsoft Visual Studio Solution File, Format Version 12.00
# Visual Studio Version 17
VisualStudioVersion = 17.2.32505.173
MinimumVisualStudioVersion = 10.0.40219.1
Project("{FAE04EC0-301F-11D3-BF4B-00C04F79EFBC}") = "VerifyPassword", "VerifyPassword\VerifyPassword.csproj", "{E136F4C2-EF25-4895-90BB-C5464BDB8355}"
EndProject
Project("{FAE04EC0-301F-11D3-BF4B-00C04F79EFBC}") = "PasswordTesting", "..\PasswordTesting\PasswordTesting.csproj", "{A16ACAB1-BB7B-486D-8B46-BBD25F00C24F}"
EndProject
Global
	GlobalSection(SolutionConfigurationPlatforms) = preSolution
		Debug|Any CPU = Debug|Any CPU
		Release|Any CPU = Release|Any CPU
	EndGlobalSection
	GlobalSection(ProjectConfigurationPlatforms) = postSolution
		{E136F4C2-EF25-4895-90BB-C5464BDB8355}.Debug|Any CPU.ActiveCfg = Debug|Any CPU
		{E136F4C2-EF25-4895-90BB-C5464BDB8355}.Debug|Any CPU.Build.0 = Debug|Any CPU
		{E136F4C2-EF25-4895-90BB-C5464BDB8355}.Release|Any CPU.ActiveCfg = Release|Any CPU
		{E136F4C2-EF25-4895-90BB-C5464BDB8355}.Release|Any CPU.Build.0 = Release|Any CPU
		{A16ACAB1-BB7B-486D-8B46-BBD25F00C24F}.Debug|Any CPU.ActiveCfg = Debug|Any CPU
		{A16ACAB1-BB7B-486D-8B46-BBD25F00C24F}.Debug|Any CPU.Build.0 = Debug|Any CPU
		{A16ACAB1-BB7B-486D-8B46-BBD25F00C24F}.Release|Any CPU.ActiveCfg = Release|Any CPU
		{A16ACAB1-BB7B-486D-8B46-BBD25F00C24F}.Release|Any CPU.Build.0 = Release|Any CPU
	EndGlobalSection
	GlobalSection(SolutionProperties) = preSolution
		HideSolutionNode = FALSE
	EndGlobalSection
	GlobalSection(ExtensibilityGlobals) = postSolution
		SolutionGuid = {4C58EDD8-95BD-4C49-8C46-BE798EFEC22A}
	EndGlobalSection
EndGlobal
